
Microsoft Visual Studio Solution File, Format Version 12.00
# Visual Studio Version 16
VisualStudioVersion = 16.0.31829.152
MinimumVisualStudioVersion = 10.0.40219.1
Project("{FAE04EC0-301F-11D3-BF4B-00C04F79EFBC}") = "MyAirbnb", "MyAirbnb\MyAirbnb.csproj", "{DCD7CC50-3006-4DB7-AB4D-B5C90EF413D1}"
EndProject
Global
	GlobalSection(SolutionConfigurationPlatforms) = preSolution
		Debug|Any CPU = Debug|Any CPU
		Release|Any CPU = Release|Any CPU
	EndGlobalSection
	GlobalSection(ProjectConfigurationPlatforms) = postSolution
		{DCD7CC50-3006-4DB7-AB4D-B5C90EF413D1}.Debug|Any CPU.ActiveCfg = Debug|Any CPU
		{DCD7CC50-3006-4DB7-AB4D-B5C90EF413D1}.Debug|Any CPU.Build.0 = Debug|Any CPU
		{DCD7CC50-3006-4DB7-AB4D-B5C90EF413D1}.Release|Any CPU.ActiveCfg = Release|Any CPU
		{DCD7CC50-3006-4DB7-AB4D-B5C90EF413D1}.Release|Any CPU.Build.0 = Release|Any CPU
	EndGlobalSection
	GlobalSection(SolutionProperties) = preSolution
		HideSolutionNode = FALSE
	EndGlobalSection
	GlobalSection(ExtensibilityGlobals) = postSolution
		SolutionGuid = {F5AD1353-E7E2-4D21-9BC7-2DAE1D38825B}
	EndGlobalSection
EndGlobal
